// !$*UTF8*$!
{
	archiveVersion = 1;
	classes = {
	};
	objectVersion = 50;
	objects = {

/* Begin PBXBuildFile section */
		532A492724F35E7900B3E7F9 /* UIViewController+Leaks.m in Sources */ = {isa = PBXBuildFile; fileRef = 532A492624F35E7900B3E7F9 /* UIViewController+Leaks.m */; };
		532A492D24F3605300B3E7F9 /* NSObject+Leaks.m in Sources */ = {isa = PBXBuildFile; fileRef = 532A492C24F3605300B3E7F9 /* NSObject+Leaks.m */; };
		5337E0A824EAA280005126E2 /* APRErrorBubbleView.m in Sources */ = {isa = PBXBuildFile; fileRef = 5337E0A724EAA280005126E2 /* APRErrorBubbleView.m */; };
		5337E0B324ED0FFA005126E2 /* NSObject+unrecognizedSelector.m in Sources */ = {isa = PBXBuildFile; fileRef = 5337E0B224ED0FFA005126E2 /* NSObject+unrecognizedSelector.m */; };
		5337E0B624ED10DE005126E2 /* NSObject+KVOProtector.m in Sources */ = {isa = PBXBuildFile; fileRef = 5337E0B524ED10DE005126E2 /* NSObject+KVOProtector.m */; };
		5337E0B924ED119B005126E2 /* NSObject+TimerProtector.m in Sources */ = {isa = PBXBuildFile; fileRef = 5337E0B824ED119B005126E2 /* NSObject+TimerProtector.m */; };
		5337E0C324EE1CC2005126E2 /* APRErrorListViewController.m in Sources */ = {isa = PBXBuildFile; fileRef = 5337E0C124EE1CC2005126E2 /* APRErrorListViewController.m */; };
		5337E0C424EE1CC2005126E2 /* APRErrorListViewController.xib in Resources */ = {isa = PBXBuildFile; fileRef = 5337E0C224EE1CC2005126E2 /* APRErrorListViewController.xib */; };
		533869A824F5439D0004740E /* RetainCycleViewController.m in Sources */ = {isa = PBXBuildFile; fileRef = 533869A724F5439D0004740E /* RetainCycleViewController.m */; };
		533CB42C24D2AFBC00408594 /* AppDelegate.m in Sources */ = {isa = PBXBuildFile; fileRef = 533CB42B24D2AFBC00408594 /* AppDelegate.m */; };
		533CB42F24D2AFBC00408594 /* SceneDelegate.m in Sources */ = {isa = PBXBuildFile; fileRef = 533CB42E24D2AFBC00408594 /* SceneDelegate.m */; };
		533CB43224D2AFBC00408594 /* ViewController.m in Sources */ = {isa = PBXBuildFile; fileRef = 533CB43124D2AFBC00408594 /* ViewController.m */; };
		533CB43524D2AFBC00408594 /* Main.storyboard in Resources */ = {isa = PBXBuildFile; fileRef = 533CB43324D2AFBC00408594 /* Main.storyboard */; };
		533CB43724D2AFBE00408594 /* Assets.xcassets in Resources */ = {isa = PBXBuildFile; fileRef = 533CB43624D2AFBE00408594 /* Assets.xcassets */; };
		533CB43A24D2AFBE00408594 /* LaunchScreen.storyboard in Resources */ = {isa = PBXBuildFile; fileRef = 533CB43824D2AFBE00408594 /* LaunchScreen.storyboard */; };
		533CB43D24D2AFBE00408594 /* main.m in Sources */ = {isa = PBXBuildFile; fileRef = 533CB43C24D2AFBE00408594 /* main.m */; };
		533CB44624D2B09400408594 /* AppProtector.m in Sources */ = {isa = PBXBuildFile; fileRef = 533CB44524D2B09400408594 /* AppProtector.m */; };
		5350152424EE2842002CF222 /* APRErrorDetailViewController.m in Sources */ = {isa = PBXBuildFile; fileRef = 5350152224EE2842002CF222 /* APRErrorDetailViewController.m */; };
		5350152524EE2842002CF222 /* APRErrorDetailViewController.xib in Resources */ = {isa = PBXBuildFile; fileRef = 5350152324EE2842002CF222 /* APRErrorDetailViewController.xib */; };
		53B54B7A24E4E7DC002CF971 /* TimerDemoViewController.m in Sources */ = {isa = PBXBuildFile; fileRef = 53B54B7924E4E7DC002CF971 /* TimerDemoViewController.m */; };
		53B54B7D24E4EE70002CF971 /* APRContainerProtector.m in Sources */ = {isa = PBXBuildFile; fileRef = 53B54B7C24E4EE70002CF971 /* APRContainerProtector.m */; };
		53B54B8124E51CAE002CF971 /* ContainerViewController.m in Sources */ = {isa = PBXBuildFile; fileRef = 53B54B8024E51CAE002CF971 /* ContainerViewController.m */; };
		53CB8E7A24DD4980005F3FD4 /* UnrecognizedSelectorViewController.m in Sources */ = {isa = PBXBuildFile; fileRef = 53CB8E7924DD4980005F3FD4 /* UnrecognizedSelectorViewController.m */; };
		53CB8E7D24DD57FF005F3FD4 /* APRCatchError.m in Sources */ = {isa = PBXBuildFile; fileRef = 53CB8E7C24DD57FF005F3FD4 /* APRCatchError.m */; };
		53CB8E8A24E24775005F3FD4 /* APRKVOPorxy.m in Sources */ = {isa = PBXBuildFile; fileRef = 53CB8E8924E24775005F3FD4 /* APRKVOPorxy.m */; };
		53CB8E9124E2D73F005F3FD4 /* KVOViewController.m in Sources */ = {isa = PBXBuildFile; fileRef = 53CB8E9024E2D73F005F3FD4 /* KVOViewController.m */; };
		53CB8E9424E3E19E005F3FD4 /* APRTimerProxy.m in Sources */ = {isa = PBXBuildFile; fileRef = 53CB8E9324E3E19E005F3FD4 /* APRTimerProxy.m */; };
		53F5A5EB24F509A1001F953B /* UINavigationController+Leaks.m in Sources */ = {isa = PBXBuildFile; fileRef = 53F5A5EA24F509A1001F953B /* UINavigationController+Leaks.m */; };
		53F5A5EE24F509B7001F953B /* UIView+Leaks.m in Sources */ = {isa = PBXBuildFile; fileRef = 53F5A5ED24F509B7001F953B /* UIView+Leaks.m */; };
		53F5A5F124F509D4001F953B /* UITabBarController+Leaks.m in Sources */ = {isa = PBXBuildFile; fileRef = 53F5A5F024F509D4001F953B /* UITabBarController+Leaks.m */; };
		53F5A5F424F50A57001F953B /* APRLeaksProxy.m in Sources */ = {isa = PBXBuildFile; fileRef = 53F5A5F324F50A57001F953B /* APRLeaksProxy.m */; };
/* End PBXBuildFile section */

/* Begin PBXFileReference section */
		532A492524F35E7900B3E7F9 /* UIViewController+Leaks.h */ = {isa = PBXFileReference; lastKnownFileType = sourcecode.c.h; path = "UIViewController+Leaks.h"; sourceTree = "<group>"; };
		532A492624F35E7900B3E7F9 /* UIViewController+Leaks.m */ = {isa = PBXFileReference; lastKnownFileType = sourcecode.c.objc; path = "UIViewController+Leaks.m"; sourceTree = "<group>"; };
		532A492B24F3605300B3E7F9 /* NSObject+Leaks.h */ = {isa = PBXFileReference; lastKnownFileType = sourcecode.c.h; path = "NSObject+Leaks.h"; sourceTree = "<group>"; };
		532A492C24F3605300B3E7F9 /* NSObject+Leaks.m */ = {isa = PBXFileReference; lastKnownFileType = sourcecode.c.objc; path = "NSObject+Leaks.m"; sourceTree = "<group>"; };
		5337E0A624EAA280005126E2 /* APRErrorBubbleView.h */ = {isa = PBXFileReference; lastKnownFileType = sourcecode.c.h; path = APRErrorBubbleView.h; sourceTree = "<group>"; };
		5337E0A724EAA280005126E2 /* APRErrorBubbleView.m */ = {isa = PBXFileReference; lastKnownFileType = sourcecode.c.objc; path = APRErrorBubbleView.m; sourceTree = "<group>"; };
		5337E0B124ED0FFA005126E2 /* NSObject+unrecognizedSelector.h */ = {isa = PBXFileReference; lastKnownFileType = sourcecode.c.h; path = "NSObject+unrecognizedSelector.h"; sourceTree = "<group>"; };
		5337E0B224ED0FFA005126E2 /* NSObject+unrecognizedSelector.m */ = {isa = PBXFileReference; lastKnownFileType = sourcecode.c.objc; path = "NSObject+unrecognizedSelector.m"; sourceTree = "<group>"; };
		5337E0B424ED10DE005126E2 /* NSObject+KVOProtector.h */ = {isa = PBXFileReference; lastKnownFileType = sourcecode.c.h; path = "NSObject+KVOProtector.h"; sourceTree = "<group>"; };
		5337E0B524ED10DE005126E2 /* NSObject+KVOProtector.m */ = {isa = PBXFileReference; lastKnownFileType = sourcecode.c.objc; path = "NSObject+KVOProtector.m"; sourceTree = "<group>"; };
		5337E0B724ED119B005126E2 /* NSObject+TimerProtector.h */ = {isa = PBXFileReference; lastKnownFileType = sourcecode.c.h; path = "NSObject+TimerProtector.h"; sourceTree = "<group>"; };
		5337E0B824ED119B005126E2 /* NSObject+TimerProtector.m */ = {isa = PBXFileReference; lastKnownFileType = sourcecode.c.objc; path = "NSObject+TimerProtector.m"; sourceTree = "<group>"; };
		5337E0C024EE1CC2005126E2 /* APRErrorListViewController.h */ = {isa = PBXFileReference; lastKnownFileType = sourcecode.c.h; path = APRErrorListViewController.h; sourceTree = "<group>"; };
		5337E0C124EE1CC2005126E2 /* APRErrorListViewController.m */ = {isa = PBXFileReference; lastKnownFileType = sourcecode.c.objc; path = APRErrorListViewController.m; sourceTree = "<group>"; };
		5337E0C224EE1CC2005126E2 /* APRErrorListViewController.xib */ = {isa = PBXFileReference; lastKnownFileType = file.xib; path = APRErrorListViewController.xib; sourceTree = "<group>"; };
		5337E0C524EE22E3005126E2 /* AppProtectorViewTool.h */ = {isa = PBXFileReference; lastKnownFileType = sourcecode.c.h; path = AppProtectorViewTool.h; sourceTree = "<group>"; };
		533869A624F5439D0004740E /* RetainCycleViewController.h */ = {isa = PBXFileReference; lastKnownFileType = sourcecode.c.h; path = RetainCycleViewController.h; sourceTree = "<group>"; };
		533869A724F5439D0004740E /* RetainCycleViewController.m */ = {isa = PBXFileReference; lastKnownFileType = sourcecode.c.objc; path = RetainCycleViewController.m; sourceTree = "<group>"; };
		533CB42724D2AFBC00408594 /* AppProtectorDemo.app */ = {isa = PBXFileReference; explicitFileType = wrapper.application; includeInIndex = 0; path = AppProtectorDemo.app; sourceTree = BUILT_PRODUCTS_DIR; };
		533CB42A24D2AFBC00408594 /* AppDelegate.h */ = {isa = PBXFileReference; lastKnownFileType = sourcecode.c.h; path = AppDelegate.h; sourceTree = "<group>"; };
		533CB42B24D2AFBC00408594 /* AppDelegate.m */ = {isa = PBXFileReference; lastKnownFileType = sourcecode.c.objc; path = AppDelegate.m; sourceTree = "<group>"; };
		533CB42D24D2AFBC00408594 /* SceneDelegate.h */ = {isa = PBXFileReference; lastKnownFileType = sourcecode.c.h; path = SceneDelegate.h; sourceTree = "<group>"; };
		533CB42E24D2AFBC00408594 /* SceneDelegate.m */ = {isa = PBXFileReference; lastKnownFileType = sourcecode.c.objc; path = SceneDelegate.m; sourceTree = "<group>"; };
		533CB43024D2AFBC00408594 /* ViewController.h */ = {isa = PBXFileReference; lastKnownFileType = sourcecode.c.h; path = ViewController.h; sourceTree = "<group>"; };
		533CB43124D2AFBC00408594 /* ViewController.m */ = {isa = PBXFileReference; lastKnownFileType = sourcecode.c.objc; path = ViewController.m; sourceTree = "<group>"; };
		533CB43424D2AFBC00408594 /* Base */ = {isa = PBXFileReference; lastKnownFileType = file.storyboard; name = Base; path = Base.lproj/Main.storyboard; sourceTree = "<group>"; };
		533CB43624D2AFBE00408594 /* Assets.xcassets */ = {isa = PBXFileReference; lastKnownFileType = folder.assetcatalog; path = Assets.xcassets; sourceTree = "<group>"; };
		533CB43924D2AFBE00408594 /* Base */ = {isa = PBXFileReference; lastKnownFileType = file.storyboard; name = Base; path = Base.lproj/LaunchScreen.storyboard; sourceTree = "<group>"; };
		533CB43B24D2AFBE00408594 /* Info.plist */ = {isa = PBXFileReference; lastKnownFileType = text.plist.xml; path = Info.plist; sourceTree = "<group>"; };
		533CB43C24D2AFBE00408594 /* main.m */ = {isa = PBXFileReference; lastKnownFileType = sourcecode.c.objc; path = main.m; sourceTree = "<group>"; };
		533CB44424D2B09400408594 /* AppProtector.h */ = {isa = PBXFileReference; lastKnownFileType = sourcecode.c.h; path = AppProtector.h; sourceTree = "<group>"; };
		533CB44524D2B09400408594 /* AppProtector.m */ = {isa = PBXFileReference; lastKnownFileType = sourcecode.c.objc; path = AppProtector.m; sourceTree = "<group>"; };
		5350152124EE2842002CF222 /* APRErrorDetailViewController.h */ = {isa = PBXFileReference; lastKnownFileType = sourcecode.c.h; path = APRErrorDetailViewController.h; sourceTree = "<group>"; };
		5350152224EE2842002CF222 /* APRErrorDetailViewController.m */ = {isa = PBXFileReference; lastKnownFileType = sourcecode.c.objc; path = APRErrorDetailViewController.m; sourceTree = "<group>"; };
		5350152324EE2842002CF222 /* APRErrorDetailViewController.xib */ = {isa = PBXFileReference; lastKnownFileType = file.xib; path = APRErrorDetailViewController.xib; sourceTree = "<group>"; };
		53B54B7824E4E7DC002CF971 /* TimerDemoViewController.h */ = {isa = PBXFileReference; lastKnownFileType = sourcecode.c.h; path = TimerDemoViewController.h; sourceTree = "<group>"; };
		53B54B7924E4E7DC002CF971 /* TimerDemoViewController.m */ = {isa = PBXFileReference; lastKnownFileType = sourcecode.c.objc; path = TimerDemoViewController.m; sourceTree = "<group>"; };
		53B54B7B24E4EE70002CF971 /* APRContainerProtector.h */ = {isa = PBXFileReference; lastKnownFileType = sourcecode.c.h; path = APRContainerProtector.h; sourceTree = "<group>"; };
		53B54B7C24E4EE70002CF971 /* APRContainerProtector.m */ = {isa = PBXFileReference; lastKnownFileType = sourcecode.c.objc; path = APRContainerProtector.m; sourceTree = "<group>"; };
		53B54B7F24E51CAE002CF971 /* ContainerViewController.h */ = {isa = PBXFileReference; lastKnownFileType = sourcecode.c.h; path = ContainerViewController.h; sourceTree = "<group>"; };
		53B54B8024E51CAE002CF971 /* ContainerViewController.m */ = {isa = PBXFileReference; lastKnownFileType = sourcecode.c.objc; path = ContainerViewController.m; sourceTree = "<group>"; };
		53CB8E7824DD4980005F3FD4 /* UnrecognizedSelectorViewController.h */ = {isa = PBXFileReference; lastKnownFileType = sourcecode.c.h; path = UnrecognizedSelectorViewController.h; sourceTree = "<group>"; };
		53CB8E7924DD4980005F3FD4 /* UnrecognizedSelectorViewController.m */ = {isa = PBXFileReference; lastKnownFileType = sourcecode.c.objc; path = UnrecognizedSelectorViewController.m; sourceTree = "<group>"; };
		53CB8E7B24DD57FF005F3FD4 /* APRCatchError.h */ = {isa = PBXFileReference; lastKnownFileType = sourcecode.c.h; path = APRCatchError.h; sourceTree = "<group>"; };
		53CB8E7C24DD57FF005F3FD4 /* APRCatchError.m */ = {isa = PBXFileReference; lastKnownFileType = sourcecode.c.objc; path = APRCatchError.m; sourceTree = "<group>"; };
		53CB8E8824E24775005F3FD4 /* APRKVOPorxy.h */ = {isa = PBXFileReference; lastKnownFileType = sourcecode.c.h; path = APRKVOPorxy.h; sourceTree = "<group>"; };
		53CB8E8924E24775005F3FD4 /* APRKVOPorxy.m */ = {isa = PBXFileReference; lastKnownFileType = sourcecode.c.objc; path = APRKVOPorxy.m; sourceTree = "<group>"; };
		53CB8E8F24E2D73F005F3FD4 /* KVOViewController.h */ = {isa = PBXFileReference; lastKnownFileType = sourcecode.c.h; path = KVOViewController.h; sourceTree = "<group>"; };
		53CB8E9024E2D73F005F3FD4 /* KVOViewController.m */ = {isa = PBXFileReference; lastKnownFileType = sourcecode.c.objc; path = KVOViewController.m; sourceTree = "<group>"; };
		53CB8E9224E3E19E005F3FD4 /* APRTimerProxy.h */ = {isa = PBXFileReference; lastKnownFileType = sourcecode.c.h; path = APRTimerProxy.h; sourceTree = "<group>"; };
		53CB8E9324E3E19E005F3FD4 /* APRTimerProxy.m */ = {isa = PBXFileReference; lastKnownFileType = sourcecode.c.objc; path = APRTimerProxy.m; sourceTree = "<group>"; };
		53CB8E9524E3E65A005F3FD4 /* APRCommonTool.h */ = {isa = PBXFileReference; lastKnownFileType = sourcecode.c.h; path = APRCommonTool.h; sourceTree = "<group>"; };
		53E9437324F6383200CC2698 /* AppProtector+internal.h */ = {isa = PBXFileReference; lastKnownFileType = sourcecode.c.h; path = "AppProtector+internal.h"; sourceTree = "<group>"; };
		53F5A5E924F509A1001F953B /* UINavigationController+Leaks.h */ = {isa = PBXFileReference; lastKnownFileType = sourcecode.c.h; path = "UINavigationController+Leaks.h"; sourceTree = "<group>"; };
		53F5A5EA24F509A1001F953B /* UINavigationController+Leaks.m */ = {isa = PBXFileReference; lastKnownFileType = sourcecode.c.objc; path = "UINavigationController+Leaks.m"; sourceTree = "<group>"; };
		53F5A5EC24F509B7001F953B /* UIView+Leaks.h */ = {isa = PBXFileReference; lastKnownFileType = sourcecode.c.h; path = "UIView+Leaks.h"; sourceTree = "<group>"; };
		53F5A5ED24F509B7001F953B /* UIView+Leaks.m */ = {isa = PBXFileReference; lastKnownFileType = sourcecode.c.objc; path = "UIView+Leaks.m"; sourceTree = "<group>"; };
		53F5A5EF24F509D4001F953B /* UITabBarController+Leaks.h */ = {isa = PBXFileReference; lastKnownFileType = sourcecode.c.h; path = "UITabBarController+Leaks.h"; sourceTree = "<group>"; };
		53F5A5F024F509D4001F953B /* UITabBarController+Leaks.m */ = {isa = PBXFileReference; lastKnownFileType = sourcecode.c.objc; path = "UITabBarController+Leaks.m"; sourceTree = "<group>"; };
		53F5A5F224F50A57001F953B /* APRLeaksProxy.h */ = {isa = PBXFileReference; lastKnownFileType = sourcecode.c.h; path = APRLeaksProxy.h; sourceTree = "<group>"; };
		53F5A5F324F50A57001F953B /* APRLeaksProxy.m */ = {isa = PBXFileReference; lastKnownFileType = sourcecode.c.objc; path = APRLeaksProxy.m; sourceTree = "<group>"; };
/* End PBXFileReference section */

/* Begin PBXFrameworksBuildPhase section */
		533CB42424D2AFBC00408594 /* Frameworks */ = {
			isa = PBXFrameworksBuildPhase;
			buildActionMask = 2147483647;
			files = (
			);
			runOnlyForDeploymentPostprocessing = 0;
		};
/* End PBXFrameworksBuildPhase section */

/* Begin PBXGroup section */
		532A492324F0F61A00B3E7F9 /* Common */ = {
			isa = PBXGroup;
			children = (
				53CB8E7B24DD57FF005F3FD4 /* APRCatchError.h */,
				53CB8E7C24DD57FF005F3FD4 /* APRCatchError.m */,
				53CB8E9524E3E65A005F3FD4 /* APRCommonTool.h */,
				53E9437324F6383200CC2698 /* AppProtector+internal.h */,
			);
			path = Common;
			sourceTree = "<group>";
		};
		5337E0BA24EE1A89005126E2 /* DebugView */ = {
			isa = PBXGroup;
			children = (
				5337E0A624EAA280005126E2 /* APRErrorBubbleView.h */,
				5337E0A724EAA280005126E2 /* APRErrorBubbleView.m */,
				5337E0C024EE1CC2005126E2 /* APRErrorListViewController.h */,
				5337E0C124EE1CC2005126E2 /* APRErrorListViewController.m */,
				5337E0C224EE1CC2005126E2 /* APRErrorListViewController.xib */,
				5337E0C524EE22E3005126E2 /* AppProtectorViewTool.h */,
				5350152124EE2842002CF222 /* APRErrorDetailViewController.h */,
				5350152224EE2842002CF222 /* APRErrorDetailViewController.m */,
				5350152324EE2842002CF222 /* APRErrorDetailViewController.xib */,
			);
			path = DebugView;
			sourceTree = "<group>";
		};
		533CB41E24D2AFBC00408594 = {
			isa = PBXGroup;
			children = (
				533CB42924D2AFBC00408594 /* AppProtectorDemo */,
				533CB42824D2AFBC00408594 /* Products */,
			);
			sourceTree = "<group>";
		};
		533CB42824D2AFBC00408594 /* Products */ = {
			isa = PBXGroup;
			children = (
				533CB42724D2AFBC00408594 /* AppProtectorDemo.app */,
			);
			name = Products;
			sourceTree = "<group>";
		};
		533CB42924D2AFBC00408594 /* AppProtectorDemo */ = {
			isa = PBXGroup;
			children = (
				53CB8E7624DD3F7E005F3FD4 /* Example */,
				533CB44324D2AFD400408594 /* Tool */,
				533CB42A24D2AFBC00408594 /* AppDelegate.h */,
				533CB42B24D2AFBC00408594 /* AppDelegate.m */,
				533CB42D24D2AFBC00408594 /* SceneDelegate.h */,
				533CB42E24D2AFBC00408594 /* SceneDelegate.m */,
				533CB43024D2AFBC00408594 /* ViewController.h */,
				533CB43124D2AFBC00408594 /* ViewController.m */,
				533CB43324D2AFBC00408594 /* Main.storyboard */,
				533CB43624D2AFBE00408594 /* Assets.xcassets */,
				533CB43824D2AFBE00408594 /* LaunchScreen.storyboard */,
				533CB43B24D2AFBE00408594 /* Info.plist */,
				533CB43C24D2AFBE00408594 /* main.m */,
			);
			path = AppProtectorDemo;
			sourceTree = "<group>";
		};
		533CB44324D2AFD400408594 /* Tool */ = {
			isa = PBXGroup;
			children = (
				53E9437224F6373C00CC2698 /* Container */,
				53E9437124F6371300CC2698 /* KVO */,
				53E9437024F6370400CC2698 /* Timer */,
				53E9436F24F636ED00CC2698 /* UnrecognizedSelector */,
				53F5A5E824F50951001F953B /* Leaks */,
				5337E0BA24EE1A89005126E2 /* DebugView */,
				532A492324F0F61A00B3E7F9 /* Common */,
				533CB44424D2B09400408594 /* AppProtector.h */,
				533CB44524D2B09400408594 /* AppProtector.m */,
			);
			path = Tool;
			sourceTree = "<group>";
		};
		534F6DAA24EA625000E0F901 /* RetainCycle */ = {
			isa = PBXGroup;
			children = (
				533869A624F5439D0004740E /* RetainCycleViewController.h */,
				533869A724F5439D0004740E /* RetainCycleViewController.m */,
			);
			path = RetainCycle;
			sourceTree = "<group>";
		};
		53B54B7724E4E7BE002CF971 /* Timer */ = {
			isa = PBXGroup;
			children = (
				53B54B7824E4E7DC002CF971 /* TimerDemoViewController.h */,
				53B54B7924E4E7DC002CF971 /* TimerDemoViewController.m */,
			);
			path = Timer;
			sourceTree = "<group>";
		};
		53B54B7E24E51C8F002CF971 /* Container */ = {
			isa = PBXGroup;
			children = (
				53B54B7F24E51CAE002CF971 /* ContainerViewController.h */,
				53B54B8024E51CAE002CF971 /* ContainerViewController.m */,
			);
			path = Container;
			sourceTree = "<group>";
		};
		53CB8E7624DD3F7E005F3FD4 /* Example */ = {
			isa = PBXGroup;
			children = (
				534F6DAA24EA625000E0F901 /* RetainCycle */,
				53B54B7E24E51C8F002CF971 /* Container */,
				53B54B7724E4E7BE002CF971 /* Timer */,
				53CB8E8E24E2D729005F3FD4 /* KVO */,
				53CB8E7724DD495F005F3FD4 /* UnrecognizedSelector */,
			);
			path = Example;
			sourceTree = "<group>";
		};
		53CB8E7724DD495F005F3FD4 /* UnrecognizedSelector */ = {
			isa = PBXGroup;
			children = (
				53CB8E7824DD4980005F3FD4 /* UnrecognizedSelectorViewController.h */,
				53CB8E7924DD4980005F3FD4 /* UnrecognizedSelectorViewController.m */,
			);
			path = UnrecognizedSelector;
			sourceTree = "<group>";
		};
		53CB8E8E24E2D729005F3FD4 /* KVO */ = {
			isa = PBXGroup;
			children = (
				53CB8E8F24E2D73F005F3FD4 /* KVOViewController.h */,
				53CB8E9024E2D73F005F3FD4 /* KVOViewController.m */,
			);
			path = KVO;
			sourceTree = "<group>";
		};
		53E9436F24F636ED00CC2698 /* UnrecognizedSelector */ = {
			isa = PBXGroup;
			children = (
				5337E0B124ED0FFA005126E2 /* NSObject+unrecognizedSelector.h */,
				5337E0B224ED0FFA005126E2 /* NSObject+unrecognizedSelector.m */,
			);
			path = UnrecognizedSelector;
			sourceTree = "<group>";
		};
		53E9437024F6370400CC2698 /* Timer */ = {
			isa = PBXGroup;
			children = (
				53CB8E9224E3E19E005F3FD4 /* APRTimerProxy.h */,
				53CB8E9324E3E19E005F3FD4 /* APRTimerProxy.m */,
				5337E0B724ED119B005126E2 /* NSObject+TimerProtector.h */,
				5337E0B824ED119B005126E2 /* NSObject+TimerProtector.m */,
			);
			path = Timer;
			sourceTree = "<group>";
		};
		53E9437124F6371300CC2698 /* KVO */ = {
			isa = PBXGroup;
			children = (
				53CB8E8824E24775005F3FD4 /* APRKVOPorxy.h */,
				53CB8E8924E24775005F3FD4 /* APRKVOPorxy.m */,
				5337E0B424ED10DE005126E2 /* NSObject+KVOProtector.h */,
				5337E0B524ED10DE005126E2 /* NSObject+KVOProtector.m */,
			);
			path = KVO;
			sourceTree = "<group>";
		};
		53E9437224F6373C00CC2698 /* Container */ = {
			isa = PBXGroup;
			children = (
				53B54B7B24E4EE70002CF971 /* APRContainerProtector.h */,
				53B54B7C24E4EE70002CF971 /* APRContainerProtector.m */,
			);
			path = Container;
			sourceTree = "<group>";
		};
		53F5A5E824F50951001F953B /* Leaks */ = {
			isa = PBXGroup;
			children = (
				532A492524F35E7900B3E7F9 /* UIViewController+Leaks.h */,
				532A492624F35E7900B3E7F9 /* UIViewController+Leaks.m */,
				53F5A5E924F509A1001F953B /* UINavigationController+Leaks.h */,
				53F5A5EA24F509A1001F953B /* UINavigationController+Leaks.m */,
				53F5A5EF24F509D4001F953B /* UITabBarController+Leaks.h */,
				53F5A5F024F509D4001F953B /* UITabBarController+Leaks.m */,
				53F5A5EC24F509B7001F953B /* UIView+Leaks.h */,
				53F5A5ED24F509B7001F953B /* UIView+Leaks.m */,
				532A492B24F3605300B3E7F9 /* NSObject+Leaks.h */,
				532A492C24F3605300B3E7F9 /* NSObject+Leaks.m */,
				53F5A5F224F50A57001F953B /* APRLeaksProxy.h */,
				53F5A5F324F50A57001F953B /* APRLeaksProxy.m */,
			);
			path = Leaks;
			sourceTree = "<group>";
		};
/* End PBXGroup section */

/* Begin PBXNativeTarget section */
		533CB42624D2AFBC00408594 /* AppProtectorDemo */ = {
			isa = PBXNativeTarget;
			buildConfigurationList = 533CB44024D2AFBE00408594 /* Build configuration list for PBXNativeTarget "AppProtectorDemo" */;
			buildPhases = (
				533CB42324D2AFBC00408594 /* Sources */,
				533CB42424D2AFBC00408594 /* Frameworks */,
				533CB42524D2AFBC00408594 /* Resources */,
			);
			buildRules = (
			);
			dependencies = (
			);
			name = AppProtectorDemo;
			productName = AppProtectorDemo;
			productReference = 533CB42724D2AFBC00408594 /* AppProtectorDemo.app */;
			productType = "com.apple.product-type.application";
		};
/* End PBXNativeTarget section */

/* Begin PBXProject section */
		533CB41F24D2AFBC00408594 /* Project object */ = {
			isa = PBXProject;
			attributes = {
				LastUpgradeCheck = 1160;
				ORGANIZATIONNAME = Karl;
				TargetAttributes = {
					533CB42624D2AFBC00408594 = {
						CreatedOnToolsVersion = 11.6;
					};
				};
			};
			buildConfigurationList = 533CB42224D2AFBC00408594 /* Build configuration list for PBXProject "AppProtectorDemo" */;
			compatibilityVersion = "Xcode 9.3";
			developmentRegion = en;
			hasScannedForEncodings = 0;
			knownRegions = (
				en,
				Base,
			);
			mainGroup = 533CB41E24D2AFBC00408594;
			productRefGroup = 533CB42824D2AFBC00408594 /* Products */;
			projectDirPath = "";
			projectRoot = "";
			targets = (
				533CB42624D2AFBC00408594 /* AppProtectorDemo */,
			);
		};
/* End PBXProject section */

/* Begin PBXResourcesBuildPhase section */
		533CB42524D2AFBC00408594 /* Resources */ = {
			isa = PBXResourcesBuildPhase;
			buildActionMask = 2147483647;
			files = (
				5337E0C424EE1CC2005126E2 /* APRErrorListViewController.xib in Resources */,
				5350152524EE2842002CF222 /* APRErrorDetailViewController.xib in Resources */,
				533CB43A24D2AFBE00408594 /* LaunchScreen.storyboard in Resources */,
				533CB43724D2AFBE00408594 /* Assets.xcassets in Resources */,
				533CB43524D2AFBC00408594 /* Main.storyboard in Resources */,
			);
			runOnlyForDeploymentPostprocessing = 0;
		};
/* End PBXResourcesBuildPhase section */

/* Begin PBXSourcesBuildPhase section */
		533CB42324D2AFBC00408594 /* Sources */ = {
			isa = PBXSourcesBuildPhase;
			buildActionMask = 2147483647;
			files = (
				533CB43224D2AFBC00408594 /* ViewController.m in Sources */,
				5337E0A824EAA280005126E2 /* APRErrorBubbleView.m in Sources */,
				53CB8E7D24DD57FF005F3FD4 /* APRCatchError.m in Sources */,
				53CB8E9124E2D73F005F3FD4 /* KVOViewController.m in Sources */,
				533869A824F5439D0004740E /* RetainCycleViewController.m in Sources */,
				533CB44624D2B09400408594 /* AppProtector.m in Sources */,
				53B54B7D24E4EE70002CF971 /* APRContainerProtector.m in Sources */,
				53F5A5F124F509D4001F953B /* UITabBarController+Leaks.m in Sources */,
				53B54B7A24E4E7DC002CF971 /* TimerDemoViewController.m in Sources */,
				5337E0B624ED10DE005126E2 /* NSObject+KVOProtector.m in Sources */,
				53CB8E9424E3E19E005F3FD4 /* APRTimerProxy.m in Sources */,
				53CB8E8A24E24775005F3FD4 /* APRKVOPorxy.m in Sources */,
				53F5A5F424F50A57001F953B /* APRLeaksProxy.m in Sources */,
				53CB8E7A24DD4980005F3FD4 /* UnrecognizedSelectorViewController.m in Sources */,
				53F5A5EE24F509B7001F953B /* UIView+Leaks.m in Sources */,
				532A492D24F3605300B3E7F9 /* NSObject+Leaks.m in Sources */,
				5337E0B924ED119B005126E2 /* NSObject+TimerProtector.m in Sources */,
				5350152424EE2842002CF222 /* APRErrorDetailViewController.m in Sources */,
				53F5A5EB24F509A1001F953B /* UINavigationController+Leaks.m in Sources */,
				53B54B8124E51CAE002CF971 /* ContainerViewController.m in Sources */,
				5337E0B324ED0FFA005126E2 /* NSObject+unrecognizedSelector.m in Sources */,
				5337E0C324EE1CC2005126E2 /* APRErrorListViewController.m in Sources */,
				533CB42C24D2AFBC00408594 /* AppDelegate.m in Sources */,
				533CB43D24D2AFBE00408594 /* main.m in Sources */,
				533CB42F24D2AFBC00408594 /* SceneDelegate.m in Sources */,
				532A492724F35E7900B3E7F9 /* UIViewController+Leaks.m in Sources */,
			);
			runOnlyForDeploymentPostprocessing = 0;
		};
/* End PBXSourcesBuildPhase section */

/* Begin PBXVariantGroup section */
		533CB43324D2AFBC00408594 /* Main.storyboard */ = {
			isa = PBXVariantGroup;
			children = (
				533CB43424D2AFBC00408594 /* Base */,
			);
			name = Main.storyboard;
			sourceTree = "<group>";
		};
		533CB43824D2AFBE00408594 /* LaunchScreen.storyboard */ = {
			isa = PBXVariantGroup;
			children = (
				533CB43924D2AFBE00408594 /* Base */,
			);
			name = LaunchScreen.storyboard;
			sourceTree = "<group>";
		};
/* End PBXVariantGroup section */

/* Begin XCBuildConfiguration section */
		533CB43E24D2AFBE00408594 /* Debug */ = {
			isa = XCBuildConfiguration;
			buildSettings = {
				ALWAYS_SEARCH_USER_PATHS = NO;
				CLANG_ANALYZER_NONNULL = YES;
				CLANG_ANALYZER_NUMBER_OBJECT_CONVERSION = YES_AGGRESSIVE;
				CLANG_CXX_LANGUAGE_STANDARD = "gnu++14";
				CLANG_CXX_LIBRARY = "libc++";
				CLANG_ENABLE_MODULES = YES;
				CLANG_ENABLE_OBJC_ARC = YES;
				CLANG_ENABLE_OBJC_WEAK = YES;
				CLANG_WARN_BLOCK_CAPTURE_AUTORELEASING = YES;
				CLANG_WARN_BOOL_CONVERSION = YES;
				CLANG_WARN_COMMA = YES;
				CLANG_WARN_CONSTANT_CONVERSION = YES;
				CLANG_WARN_DEPRECATED_OBJC_IMPLEMENTATIONS = YES;
				CLANG_WARN_DIRECT_OBJC_ISA_USAGE = YES_ERROR;
				CLANG_WARN_DOCUMENTATION_COMMENTS = YES;
				CLANG_WARN_EMPTY_BODY = YES;
				CLANG_WARN_ENUM_CONVERSION = YES;
				CLANG_WARN_INFINITE_RECURSION = YES;
				CLANG_WARN_INT_CONVERSION = YES;
				CLANG_WARN_NON_LITERAL_NULL_CONVERSION = YES;
				CLANG_WARN_OBJC_IMPLICIT_RETAIN_SELF = YES;
				CLANG_WARN_OBJC_LITERAL_CONVERSION = YES;
				CLANG_WARN_OBJC_ROOT_CLASS = YES_ERROR;
				CLANG_WARN_RANGE_LOOP_ANALYSIS = YES;
				CLANG_WARN_STRICT_PROTOTYPES = YES;
				CLANG_WARN_SUSPICIOUS_MOVE = YES;
				CLANG_WARN_UNGUARDED_AVAILABILITY = YES_AGGRESSIVE;
				CLANG_WARN_UNREACHABLE_CODE = YES;
				CLANG_WARN__DUPLICATE_METHOD_MATCH = YES;
				COPY_PHASE_STRIP = NO;
				DEBUG_INFORMATION_FORMAT = dwarf;
				ENABLE_STRICT_OBJC_MSGSEND = YES;
				ENABLE_TESTABILITY = YES;
				GCC_C_LANGUAGE_STANDARD = gnu11;
				GCC_DYNAMIC_NO_PIC = NO;
				GCC_NO_COMMON_BLOCKS = YES;
				GCC_OPTIMIZATION_LEVEL = 0;
				GCC_PREPROCESSOR_DEFINITIONS = (
					"DEBUG=1",
					"$(inherited)",
				);
				GCC_WARN_64_TO_32_BIT_CONVERSION = YES;
				GCC_WARN_ABOUT_RETURN_TYPE = YES_ERROR;
				GCC_WARN_UNDECLARED_SELECTOR = YES;
				GCC_WARN_UNINITIALIZED_AUTOS = YES_AGGRESSIVE;
				GCC_WARN_UNUSED_FUNCTION = YES;
				GCC_WARN_UNUSED_VARIABLE = YES;
				IPHONEOS_DEPLOYMENT_TARGET = 13.6;
				MTL_ENABLE_DEBUG_INFO = INCLUDE_SOURCE;
				MTL_FAST_MATH = YES;
				ONLY_ACTIVE_ARCH = YES;
				SDKROOT = iphoneos;
			};
			name = Debug;
		};
		533CB43F24D2AFBE00408594 /* Release */ = {
			isa = XCBuildConfiguration;
			buildSettings = {
				ALWAYS_SEARCH_USER_PATHS = NO;
				CLANG_ANALYZER_NONNULL = YES;
				CLANG_ANALYZER_NUMBER_OBJECT_CONVERSION = YES_AGGRESSIVE;
				CLANG_CXX_LANGUAGE_STANDARD = "gnu++14";
				CLANG_CXX_LIBRARY = "libc++";
				CLANG_ENABLE_MODULES = YES;
				CLANG_ENABLE_OBJC_ARC = YES;
				CLANG_ENABLE_OBJC_WEAK = YES;
				CLANG_WARN_BLOCK_CAPTURE_AUTORELEASING = YES;
				CLANG_WARN_BOOL_CONVERSION = YES;
				CLANG_WARN_COMMA = YES;
				CLANG_WARN_CONSTANT_CONVERSION = YES;
				CLANG_WARN_DEPRECATED_OBJC_IMPLEMENTATIONS = YES;
				CLANG_WARN_DIRECT_OBJC_ISA_USAGE = YES_ERROR;
				CLANG_WARN_DOCUMENTATION_COMMENTS = YES;
				CLANG_WARN_EMPTY_BODY = YES;
				CLANG_WARN_ENUM_CONVERSION = YES;
				CLANG_WARN_INFINITE_RECURSION = YES;
				CLANG_WARN_INT_CONVERSION = YES;
				CLANG_WARN_NON_LITERAL_NULL_CONVERSION = YES;
				CLANG_WARN_OBJC_IMPLICIT_RETAIN_SELF = YES;
				CLANG_WARN_OBJC_LITERAL_CONVERSION = YES;
				CLANG_WARN_OBJC_ROOT_CLASS = YES_ERROR;
				CLANG_WARN_RANGE_LOOP_ANALYSIS = YES;
				CLANG_WARN_STRICT_PROTOTYPES = YES;
				CLANG_WARN_SUSPICIOUS_MOVE = YES;
				CLANG_WARN_UNGUARDED_AVAILABILITY = YES_AGGRESSIVE;
				CLANG_WARN_UNREACHABLE_CODE = YES;
				CLANG_WARN__DUPLICATE_METHOD_MATCH = YES;
				COPY_PHASE_STRIP = NO;
				DEBUG_INFORMATION_FORMAT = "dwarf-with-dsym";
				ENABLE_NS_ASSERTIONS = NO;
				ENABLE_STRICT_OBJC_MSGSEND = YES;
				GCC_C_LANGUAGE_STANDARD = gnu11;
				GCC_NO_COMMON_BLOCKS = YES;
				GCC_WARN_64_TO_32_BIT_CONVERSION = YES;
				GCC_WARN_ABOUT_RETURN_TYPE = YES_ERROR;
				GCC_WARN_UNDECLARED_SELECTOR = YES;
				GCC_WARN_UNINITIALIZED_AUTOS = YES_AGGRESSIVE;
				GCC_WARN_UNUSED_FUNCTION = YES;
				GCC_WARN_UNUSED_VARIABLE = YES;
				IPHONEOS_DEPLOYMENT_TARGET = 13.6;
				MTL_ENABLE_DEBUG_INFO = NO;
				MTL_FAST_MATH = YES;
				SDKROOT = iphoneos;
				VALIDATE_PRODUCT = YES;
			};
			name = Release;
		};
		533CB44124D2AFBE00408594 /* Debug */ = {
			isa = XCBuildConfiguration;
			buildSettings = {
				ASSETCATALOG_COMPILER_APPICON_NAME = AppIcon;
				CODE_SIGN_STYLE = Automatic;
				DEVELOPMENT_TEAM = 492W5NPSAE;
				INFOPLIST_FILE = AppProtectorDemo/Info.plist;
				LD_RUNPATH_SEARCH_PATHS = (
					"$(inherited)",
					"@executable_path/Frameworks",
				);
				PRODUCT_BUNDLE_IDENTIFIER = com.zyy.AppProtectorDemo;
				PRODUCT_NAME = "$(TARGET_NAME)";
				TARGETED_DEVICE_FAMILY = "1,2";
			};
			name = Debug;
		};
		533CB44224D2AFBE00408594 /* Release */ = {
			isa = XCBuildConfiguration;
			buildSettings = {
				ASSETCATALOG_COMPILER_APPICON_NAME = AppIcon;
				CODE_SIGN_STYLE = Automatic;
				DEVELOPMENT_TEAM = 492W5NPSAE;
				INFOPLIST_FILE = AppProtectorDemo/Info.plist;
				LD_RUNPATH_SEARCH_PATHS = (
					"$(inherited)",
					"@executable_path/Frameworks",
				);
				PRODUCT_BUNDLE_IDENTIFIER = com.zyy.AppProtectorDemo;
				PRODUCT_NAME = "$(TARGET_NAME)";
				TARGETED_DEVICE_FAMILY = "1,2";
			};
			name = Release;
		};
/* End XCBuildConfiguration section */

/* Begin XCConfigurationList section */
		533CB42224D2AFBC00408594 /* Build configuration list for PBXProject "AppProtectorDemo" */ = {
			isa = XCConfigurationList;
			buildConfigurations = (
				533CB43E24D2AFBE00408594 /* Debug */,
				533CB43F24D2AFBE00408594 /* Release */,
			);
			defaultConfigurationIsVisible = 0;
			defaultConfigurationName = Release;
		};
		533CB44024D2AFBE00408594 /* Build configuration list for PBXNativeTarget "AppProtectorDemo" */ = {
			isa = XCConfigurationList;
			buildConfigurations = (
				533CB44124D2AFBE00408594 /* Debug */,
				533CB44224D2AFBE00408594 /* Release */,
			);
			defaultConfigurationIsVisible = 0;
			defaultConfigurationName = Release;
		};
/* End XCConfigurationList section */
	};
	rootObject = 533CB41F24D2AFBC00408594 /* Project object */;
}
